
Microsoft Visual Studio Solution File, Format Version 12.00
# Visual Studio 14
VisualStudioVersion = 14.0.25420.1
MinimumVisualStudioVersion = 10.0.40219.1
Project("{FAE04EC0-301F-11D3-BF4B-00C04F79EFBC}") = "EntityFramework", "EntityFramework\EntityFramework.csproj", "{6260E6C9-4132-440B-AC16-EB350F0BDEFD}"
EndProject
Project("{FAE04EC0-301F-11D3-BF4B-00C04F79EFBC}") = "LinqExpressions", "LinqExpressions\LinqExpressions.csproj", "{155A88B9-A8D4-454B-ACBF-548539E42989}"
EndProject
Project("{FAE04EC0-301F-11D3-BF4B-00C04F79EFBC}") = "RepositoryPattern.WinFormUI", "RepositoryPattern.WinFormUI\RepositoryPattern.WinFormUI.csproj", "{6F78D46A-8E10-47A1-92AD-C0EE7220DD69}"
EndProject
Project("{FAE04EC0-301F-11D3-BF4B-00C04F79EFBC}") = "RepositoryPattern.ORM", "RepositoryPattern.ORM\RepositoryPattern.ORM.csproj", "{40BCE872-7C49-48E8-8C57-11639500C47E}"
EndProject
Project("{FAE04EC0-301F-11D3-BF4B-00C04F79EFBC}") = "MailGonder", "MailGonder\MailGonder.csproj", "{B2A7BAED-81D8-4FB1-8A64-12D717C2F9FA}"
EndProject
Global
	GlobalSection(SolutionConfigurationPlatforms) = preSolution
		Debug|Any CPU = Debug|Any CPU
		Release|Any CPU = Release|Any CPU
	EndGlobalSection
	GlobalSection(ProjectConfigurationPlatforms) = postSolution
		{6260E6C9-4132-440B-AC16-EB350F0BDEFD}.Debug|Any CPU.ActiveCfg = Debug|Any CPU
		{6260E6C9-4132-440B-AC16-EB350F0BDEFD}.Debug|Any CPU.Build.0 = Debug|Any CPU
		{6260E6C9-4132-440B-AC16-EB350F0BDEFD}.Release|Any CPU.ActiveCfg = Release|Any CPU
		{6260E6C9-4132-440B-AC16-EB350F0BDEFD}.Release|Any CPU.Build.0 = Release|Any CPU
		{155A88B9-A8D4-454B-ACBF-548539E42989}.Debug|Any CPU.ActiveCfg = Debug|Any CPU
		{155A88B9-A8D4-454B-ACBF-548539E42989}.Debug|Any CPU.Build.0 = Debug|Any CPU
		{155A88B9-A8D4-454B-ACBF-548539E42989}.Release|Any CPU.ActiveCfg = Release|Any CPU
		{155A88B9-A8D4-454B-ACBF-548539E42989}.Release|Any CPU.Build.0 = Release|Any CPU
		{6F78D46A-8E10-47A1-92AD-C0EE7220DD69}.Debug|Any CPU.ActiveCfg = Debug|Any CPU
		{6F78D46A-8E10-47A1-92AD-C0EE7220DD69}.Debug|Any CPU.Build.0 = Debug|Any CPU
		{6F78D46A-8E10-47A1-92AD-C0EE7220DD69}.Release|Any CPU.ActiveCfg = Release|Any CPU
		{6F78D46A-8E10-47A1-92AD-C0EE7220DD69}.Release|Any CPU.Build.0 = Release|Any CPU
		{40BCE872-7C49-48E8-8C57-11639500C47E}.Debug|Any CPU.ActiveCfg = Debug|Any CPU
		{40BCE872-7C49-48E8-8C57-11639500C47E}.Debug|Any CPU.Build.0 = Debug|Any CPU
		{40BCE872-7C49-48E8-8C57-11639500C47E}.Release|Any CPU.ActiveCfg = Release|Any CPU
		{40BCE872-7C49-48E8-8C57-11639500C47E}.Release|Any CPU.Build.0 = Release|Any CPU
		{B2A7BAED-81D8-4FB1-8A64-12D717C2F9FA}.Debug|Any CPU.ActiveCfg = Debug|Any CPU
		{B2A7BAED-81D8-4FB1-8A64-12D717C2F9FA}.Debug|Any CPU.Build.0 = Debug|Any CPU
		{B2A7BAED-81D8-4FB1-8A64-12D717C2F9FA}.Release|Any CPU.ActiveCfg = Release|Any CPU
		{B2A7BAED-81D8-4FB1-8A64-12D717C2F9FA}.Release|Any CPU.Build.0 = Release|Any CPU
	EndGlobalSection
	GlobalSection(SolutionProperties) = preSolution
		HideSolutionNode = FALSE
	EndGlobalSection
EndGlobal
